// !$*UTF8*$!
{
	archiveVersion = 1;
	classes = {
	};
	objectVersion = 46;
	objects = {

/* Begin PBXBuildFile section */
		C92C7E5F1E5B693F0044E586 /* main.m in Sources */ = {isa = PBXBuildFile; fileRef = C92C7E5E1E5B693F0044E586 /* main.m */; };
		C92C7E621E5B693F0044E586 /* AppDelegate.m in Sources */ = {isa = PBXBuildFile; fileRef = C92C7E611E5B693F0044E586 /* AppDelegate.m */; };
		C92C7E651E5B693F0044E586 /* ViewController.m in Sources */ = {isa = PBXBuildFile; fileRef = C92C7E641E5B693F0044E586 /* ViewController.m */; };
		C92C7E681E5B693F0044E586 /* Main.storyboard in Resources */ = {isa = PBXBuildFile; fileRef = C92C7E661E5B693F0044E586 /* Main.storyboard */; };
		C92C7E6A1E5B693F0044E586 /* Assets.xcassets in Resources */ = {isa = PBXBuildFile; fileRef = C92C7E691E5B693F0044E586 /* Assets.xcassets */; };
		C92C7E6D1E5B693F0044E586 /* LaunchScreen.storyboard in Resources */ = {isa = PBXBuildFile; fileRef = C92C7E6B1E5B693F0044E586 /* LaunchScreen.storyboard */; };
/* End PBXBuildFile section */

/* Begin PBXFileReference section */
		C92C7E5A1E5B693F0044E586 /* gitTest.app */ = {isa = PBXFileReference; explicitFileType = wrapper.application; includeInIndex = 0; path = gitTest.app; sourceTree = BUILT_PRODUCTS_DIR; };
		C92C7E5E1E5B693F0044E586 /* main.m */ = {isa = PBXFileReference; lastKnownFileType = sourcecode.c.objc; path = main.m; sourceTree = "<group>"; };
		C92C7E601E5B693F0044E586 /* AppDelegate.h */ = {isa = PBXFileReference; lastKnownFileType = sourcecode.c.h; path = AppDelegate.h; sourceTree = "<group>"; };
		C92C7E611E5B693F0044E586 /* AppDelegate.m */ = {isa = PBXFileReference; lastKnownFileType = sourcecode.c.objc; path = AppDelegate.m; sourceTree = "<group>"; };
		C92C7E631E5B693F0044E586 /* ViewController.h */ = {isa = PBXFileReference; lastKnownFileType = sourcecode.c.h; path = ViewController.h; sourceTree = "<group>"; };
		C92C7E641E5B693F0044E586 /* ViewController.m */ = {isa = PBXFileReference; lastKnownFileType = sourcecode.c.objc; path = ViewController.m; sourceTree = "<group>"; };
		C92C7E671E5B693F0044E586 /* Base */ = {isa = PBXFileReference; lastKnownFileType = file.storyboard; name = Base; path = Base.lproj/Main.storyboard; sourceTree = "<group>"; };
		C92C7E691E5B693F0044E586 /* Assets.xcassets */ = {isa = PBXFileReference; lastKnownFileType = folder.assetcatalog; path = Assets.xcassets; sourceTree = "<group>"; };
		C92C7E6C1E5B693F0044E586 /* Base */ = {isa = PBXFileReference; lastKnownFileType = file.storyboard; name = Base; path = Base.lproj/LaunchScreen.storyboard; sourceTree = "<group>"; };
		C92C7E6E1E5B693F0044E586 /* Info.plist */ = {isa = PBXFileReference; lastKnownFileType = text.plist.xml; path = Info.plist; sourceTree = "<group>"; };
/* End PBXFileReference section */

/* Begin PBXFrameworksBuildPhase section */
		C92C7E571E5B693A0044E586 /* Frameworks */ = {
			isa = PBXFrameworksBuildPhase;
			buildActionMask = 2147483647;
			files = (
			);
			runOnlyForDeploymentPostprocessing = 0;
		};
/* End PBXFrameworksBuildPhase section */

/* Begin PBXGroup section */
		C92C7E511E5B693A0044E586 = {
			isa = PBXGroup;
			children = (
				C92C7E5C1E5B693F0044E586 /* gitTest */,
				C92C7E5B1E5B693F0044E586 /* Products */,
			);
			sourceTree = "<group>";
		};
		C92C7E5B1E5B693F0044E586 /* Products */ = {
			isa = PBXGroup;
			children = (
				C92C7E5A1E5B693F0044E586 /* gitTest.app */,
			);
			name = Products;
			sourceTree = "<group>";
		};
		C92C7E5C1E5B693F0044E586 /* gitTest */ = {
			isa = PBXGroup;
			children = (
				C92C7E601E5B693F0044E586 /* AppDelegate.h */,
				C92C7E611E5B693F0044E586 /* AppDelegate.m */,
				C92C7E631E5B693F0044E586 /* ViewController.h */,
				C92C7E641E5B693F0044E586 /* ViewController.m */,
				C92C7E661E5B693F0044E586 /* Main.storyboard */,
				C92C7E691E5B693F0044E586 /* Assets.xcassets */,
				C92C7E6B1E5B693F0044E586 /* LaunchScreen.storyboard */,
				C92C7E6E1E5B693F0044E586 /* Info.plist */,
				C92C7E5D1E5B693F0044E586 /* Supporting Files */,
			);
			path = gitTest;
			sourceTree = "<group>";
		};
		C92C7E5D1E5B693F0044E586 /* Supporting Files */ = {
			isa = PBXGroup;
			children = (
				C92C7E5E1E5B693F0044E586 /* main.m */,
			);
			name = "Supporting Files";
			sourceTree = "<group>";
		};
/* End PBXGroup section */

/* Begin PBXNativeTarget section */
		C92C7E591E5B693A0044E586 /* gitTest */ = {
			isa = PBXNativeTarget;
			buildConfigurationList = C92C7E711E5B693F0044E586 /* Build configuration list for PBXNativeTarget "gitTest" */;
			buildPhases = (
				C92C7E561E5B693A0044E586 /* Sources */,
				C92C7E571E5B693A0044E586 /* Frameworks */,
				C92C7E581E5B693A0044E586 /* Resources */,
			);
			buildRules = (
			);
			dependencies = (
			);
			name = gitTest;
			productName = gitTest;
			productReference = C92C7E5A1E5B693F0044E586 /* gitTest.app */;
			productType = "com.apple.product-type.application";
		};
/* End PBXNativeTarget section */

/* Begin PBXProject section */
		C92C7E521E5B693A0044E586 /* Project object */ = {
			isa = PBXProject;
			attributes = {
				LastUpgradeCheck = 0820;
				ORGANIZATIONNAME = "mehul patel";
				TargetAttributes = {
					C92C7E591E5B693A0044E586 = {
						CreatedOnToolsVersion = 8.2.1;
						DevelopmentTeam = CCLC72MY3K;
						ProvisioningStyle = Automatic;
					};
				};
			};
			buildConfigurationList = C92C7E551E5B693A0044E586 /* Build configuration list for PBXProject "gitTest" */;
			compatibilityVersion = "Xcode 3.2";
			developmentRegion = English;
			hasScannedForEncodings = 0;
			knownRegions = (
				en,
				Base,
			);
			mainGroup = C92C7E511E5B693A0044E586;
			productRefGroup = C92C7E5B1E5B693F0044E586 /* Products */;
			projectDirPath = "";
			projectRoot = "";
			targets = (
				C92C7E591E5B693A0044E586 /* gitTest */,
			);
		};
/* End PBXProject section */

/* Begin PBXResourcesBuildPhase section */
		C92C7E581E5B693A0044E586 /* Resources */ = {
			isa = PBXResourcesBuildPhase;
			buildActionMask = 2147483647;
			files = (
				C92C7E6D1E5B693F0044E586 /* LaunchScreen.storyboard in Resources */,
				C92C7E6A1E5B693F0044E586 /* Assets.xcassets in Resources */,
				C92C7E681E5B693F0044E586 /* Main.storyboard in Resources */,
			);
			runOnlyForDeploymentPostprocessing = 0;
		};
/* End PBXResourcesBuildPhase section */

/* Begin PBXSourcesBuildPhase section */
		C92C7E561E5B693A0044E586 /* Sources */ = {
			isa = PBXSourcesBuildPhase;
			buildActionMask = 2147483647;
			files = (
				C92C7E651E5B693F0044E586 /* ViewController.m in Sources */,
				C92C7E621E5B693F0044E586 /* AppDelegate.m in Sources */,
				C92C7E5F1E5B693F0044E586 /* main.m in Sources */,
			);
			runOnlyForDeploymentPostprocessing = 0;
		};
/* End PBXSourcesBuildPhase section */

/* Begin PBXVariantGroup section */
		C92C7E661E5B693F0044E586 /* Main.storyboard */ = {
			isa = PBXVariantGroup;
			children = (
				C92C7E671E5B693F0044E586 /* Base */,
			);
			name = Main.storyboard;
			sourceTree = "<group>";
		};
		C92C7E6B1E5B693F0044E586 /* LaunchScreen.storyboard */ = {
			isa = PBXVariantGroup;
			children = (
				C92C7E6C1E5B693F0044E586 /* Base */,
			);
			name = LaunchScreen.storyboard;
			sourceTree = "<group>";
		};
/* End PBXVariantGroup section */

/* Begin XCBuildConfiguration section */
		C92C7E6F1E5B693F0044E586 /* Debug */ = {
			isa = XCBuildConfiguration;
			buildSettings = {
				ALWAYS_SEARCH_USER_PATHS = NO;
				CLANG_ANALYZER_NONNULL = YES;
				CLANG_CXX_LANGUAGE_STANDARD = "gnu++0x";
				CLANG_CXX_LIBRARY = "libc++";
				CLANG_ENABLE_MODULES = YES;
				CLANG_ENABLE_OBJC_ARC = YES;
				CLANG_WARN_BOOL_CONVERSION = YES;
				CLANG_WARN_CONSTANT_CONVERSION = YES;
				CLANG_WARN_DIRECT_OBJC_ISA_USAGE = YES_ERROR;
				CLANG_WARN_DOCUMENTATION_COMMENTS = YES;
				CLANG_WARN_EMPTY_BODY = YES;
				CLANG_WARN_ENUM_CONVERSION = YES;
				CLANG_WARN_INFINITE_RECURSION = YES;
				CLANG_WARN_INT_CONVERSION = YES;
				CLANG_WARN_OBJC_ROOT_CLASS = YES_ERROR;
				CLANG_WARN_SUSPICIOUS_MOVE = YES;
				CLANG_WARN_UNREACHABLE_CODE = YES;
				CLANG_WARN__DUPLICATE_METHOD_MATCH = YES;
				"CODE_SIGN_IDENTITY[sdk=iphoneos*]" = "iPhone Developer";
				COPY_PHASE_STRIP = NO;
				DEBUG_INFORMATION_FORMAT = dwarf;
				ENABLE_STRICT_OBJC_MSGSEND = YES;
				ENABLE_TESTABILITY = YES;
				GCC_C_LANGUAGE_STANDARD = gnu99;
				GCC_DYNAMIC_NO_PIC = NO;
				GCC_NO_COMMON_BLOCKS = YES;
				GCC_OPTIMIZATION_LEVEL = 0;
				GCC_PREPROCESSOR_DEFINITIONS = (
					"DEBUG=1",
					"$(inherited)",
				);
				GCC_WARN_64_TO_32_BIT_CONVERSION = YES;
				GCC_WARN_ABOUT_RETURN_TYPE = YES_ERROR;
				GCC_WARN_UNDECLARED_SELECTOR = YES;
				GCC_WARN_UNINITIALIZED_AUTOS = YES_AGGRESSIVE;
				GCC_WARN_UNUSED_FUNCTION = YES;
				GCC_WARN_UNUSED_VARIABLE = YES;
				IPHONEOS_DEPLOYMENT_TARGET = 10.2;
				MTL_ENABLE_DEBUG_INFO = YES;
				ONLY_ACTIVE_ARCH = YES;
				SDKROOT = iphoneos;
				TARGETED_DEVICE_FAMILY = "1,2";
			};
			name = Debug;
		};
		C92C7E701E5B693F0044E586 /* Release */ = {
			isa = XCBuildConfiguration;
			buildSettings = {
				ALWAYS_SEARCH_USER_PATHS = NO;
				CLANG_ANALYZER_NONNULL = YES;
				CLANG_CXX_LANGUAGE_STANDARD = "gnu++0x";
				CLANG_CXX_LIBRARY = "libc++";
				CLANG_ENABLE_MODULES = YES;
				CLANG_ENABLE_OBJC_ARC = YES;
				CLANG_WARN_BOOL_CONVERSION = YES;
				CLANG_WARN_CONSTANT_CONVERSION = YES;
				CLANG_WARN_DIRECT_OBJC_ISA_USAGE = YES_ERROR;
				CLANG_WARN_DOCUMENTATION_COMMENTS = YES;
				CLANG_WARN_EMPTY_BODY = YES;
				CLANG_WARN_ENUM_CONVERSION = YES;
				CLANG_WARN_INFINITE_RECURSION = YES;
				CLANG_WARN_INT_CONVERSION = YES;
				CLANG_WARN_OBJC_ROOT_CLASS = YES_ERROR;
				CLANG_WARN_SUSPICIOUS_MOVE = YES;
				CLANG_WARN_UNREACHABLE_CODE = YES;
				CLANG_WARN__DUPLICATE_METHOD_MATCH = YES;
				"CODE_SIGN_IDENTITY[sdk=iphoneos*]" = "iPhone Developer";
				COPY_PHASE_STRIP = NO;
				DEBUG_INFORMATION_FORMAT = "dwarf-with-dsym";
				ENABLE_NS_ASSERTIONS = NO;
				ENABLE_STRICT_OBJC_MSGSEND = YES;
				GCC_C_LANGUAGE_STANDARD = gnu99;
				GCC_NO_COMMON_BLOCKS = YES;
				GCC_WARN_64_TO_32_BIT_CONVERSION = YES;
				GCC_WARN_ABOUT_RETURN_TYPE = YES_ERROR;
				GCC_WARN_UNDECLARED_SELECTOR = YES;
				GCC_WARN_UNINITIALIZED_AUTOS = YES_AGGRESSIVE;
				GCC_WARN_UNUSED_FUNCTION = YES;
				GCC_WARN_UNUSED_VARIABLE = YES;
				IPHONEOS_DEPLOYMENT_TARGET = 10.2;
				MTL_ENABLE_DEBUG_INFO = NO;
				SDKROOT = iphoneos;
				TARGETED_DEVICE_FAMILY = "1,2";
				VALIDATE_PRODUCT = YES;
			};
			name = Release;
		};
		C92C7E721E5B693F0044E586 /* Debug */ = {
			isa = XCBuildConfiguration;
			buildSettings = {
				ASSETCATALOG_COMPILER_APPICON_NAME = AppIcon;
				DEVELOPMENT_TEAM = CCLC72MY3K;
				INFOPLIST_FILE = gitTest/Info.plist;
				LD_RUNPATH_SEARCH_PATHS = "$(inherited) @executable_path/Frameworks";
				PRODUCT_BUNDLE_IDENTIFIER = com.Sparrow.gitTest;
				PRODUCT_NAME = "$(TARGET_NAME)";
			};
			name = Debug;
		};
		C92C7E731E5B693F0044E586 /* Release */ = {
			isa = XCBuildConfiguration;
			buildSettings = {
				ASSETCATALOG_COMPILER_APPICON_NAME = AppIcon;
				DEVELOPMENT_TEAM = CCLC72MY3K;
				INFOPLIST_FILE = gitTest/Info.plist;
				LD_RUNPATH_SEARCH_PATHS = "$(inherited) @executable_path/Frameworks";
				PRODUCT_BUNDLE_IDENTIFIER = com.Sparrow.gitTest;
				PRODUCT_NAME = "$(TARGET_NAME)";
			};
			name = Release;
		};
/* End XCBuildConfiguration section */

/* Begin XCConfigurationList section */
		C92C7E551E5B693A0044E586 /* Build configuration list for PBXProject "gitTest" */ = {
			isa = XCConfigurationList;
			buildConfigurations = (
				C92C7E6F1E5B693F0044E586 /* Debug */,
				C92C7E701E5B693F0044E586 /* Release */,
			);
			defaultConfigurationIsVisible = 0;
			defaultConfigurationName = Release;
		};
		C92C7E711E5B693F0044E586 /* Build configuration list for PBXNativeTarget "gitTest" */ = {
			isa = XCConfigurationList;
			buildConfigurations = (
				C92C7E721E5B693F0044E586 /* Debug */,
				C92C7E731E5B693F0044E586 /* Release */,
			);
			defaultConfigurationIsVisible = 0;
		};
/* End XCConfigurationList section */
	};
	rootObject = C92C7E521E5B693A0044E586 /* Project object */;
}
